schema: '2.0'
stages:
  data_ingestion:
    cmd: python src/chicken_disease_classification/pipeline/stage_01_data_ingestion.py
    deps:
    - path: config/config.yaml
      hash: md5
      md5: de34ee545c28984f2a03eb98a83a32eb
      size: 826
    - path: src/chicken_disease_classification/pipeline/stage_01_data_ingestion.py
      hash: md5
      md5: fc9499e9fa83ab9cac18eff1a638b979
      size: 955
    outs:
    - path: artifacts/data_ingestion/Chicken-fecal-images
      hash: md5
      md5: 67aff02745869de433f867bd441e6129.dir
      size: 131937314
      nfiles: 4160
  prepare_base_model:
    cmd: python src/chicken_disease_classification/pipeline/stage_02_prepare_base_model.py
    deps:
    - path: config/config.yaml
      hash: md5
      md5: de34ee545c28984f2a03eb98a83a32eb
      size: 826
    - path: src/chicken_disease_classification/pipeline/stage_02_prepare_base_model.py
      hash: md5
      md5: 34563f8f82ddcafb9487d7ed0af1ed78
      size: 1038
    params:
      params.yaml:
        CLASSES: 2
        IMAGE_SIZE:
        - 224
        - 224
        - 3
        INCLUDE_TOP: false
        LEARNING_RATE: 0.001
        WEIGHTS: imagenet
    outs:
    - path: artifacts/prepare_base_model
      hash: md5
      md5: 99b7c390811061da9565cb721e918688.dir
      size: 117972844
      nfiles: 2
  training:
    cmd: python src/chicken_disease_classification/pipeline/stage_03_training.py
    deps:
    - path: artifacts/data_ingestion/Chicken-fecal-images
      hash: md5
      md5: 67aff02745869de433f867bd441e6129.dir
      size: 131937314
      nfiles: 4160
    - path: artifacts/prepare_base_model
      hash: md5
      md5: 99b7c390811061da9565cb721e918688.dir
      size: 117972844
      nfiles: 2
    - path: config/config.yaml
      hash: md5
      md5: de34ee545c28984f2a03eb98a83a32eb
      size: 826
    - path: src/chicken_disease_classification/components/prepare_callbacks.py
      hash: md5
      md5: 7e71fe352c2edd61386aa80e35b96c06
      size: 936
    - path: src/chicken_disease_classification/pipeline/stage_03_training.py
      hash: md5
      md5: 3d85a8493e355252e59a5f7feb76d9e6
      size: 1288
    params:
      params.yaml:
        AUGMENTATION: true
        BATCH_SIZE: 64
        EPOCHS: 10
        IMAGE_SIZE:
        - 224
        - 224
        - 3
    outs:
    - path: artifacts/training/model.keras
      hash: md5
      md5: d8ddbe8438f8b5106e6ebac56c4493dc
      size: 59040680
  evaluation:
    cmd: python src/chicken_disease_classification/pipeline/stage_04_evaluation.py
    deps:
    - path: artifacts/data_ingestion/Chicken-fecal-images
      hash: md5
      md5: 67aff02745869de433f867bd441e6129.dir
      size: 131937314
      nfiles: 4160
    - path: artifacts/training/model.keras
      hash: md5
      md5: d8ddbe8438f8b5106e6ebac56c4493dc
      size: 59040680
    - path: config/config.yaml
      hash: md5
      md5: de34ee545c28984f2a03eb98a83a32eb
      size: 826
    - path: src/chicken_disease_classification/pipeline/stage_04_evaluation.py
      hash: md5
      md5: 50f05559a2b5f473aa99af08d8960df7
      size: 910
    params:
      params.yaml:
        BATCH_SIZE: 64
        IMAGE_SIZE:
        - 224
        - 224
        - 3
    outs:
    - path: scores.json
      hash: md5
      md5: 1f91a2a8cc9fecaf05abceaea3b4ce4c
      size: 73
